# THIS IS AN AUTOGENERATED FILE. DO NOT EDIT THIS FILE DIRECTLY.
# yarn lockfile v1


"@paulcbetts/system-idle-time@github:paulcbetts/node-system-idle-time":
  version "1.0.2"
  resolved "https://codeload.github.com/paulcbetts/node-system-idle-time/tar.gz/8b9ef4e7d7f3dbfeb95abc084cefdb21cef5b866"
  dependencies:
    bindings "~1.2.1"
    nan "^2.0.0"

argparse@^1.0.7:
  version "1.0.9"
  resolved "https://registry.yarnpkg.com/argparse/-/argparse-1.0.9.tgz#73d83bc263f86e97f8cc4f6bae1b0e90a7d22c86"
  dependencies:
    sprintf-js "~1.0.2"

bindings@~1.2.1:
  version "1.2.1"
  resolved "https://registry.yarnpkg.com/bindings/-/bindings-1.2.1.tgz#14ad6113812d2d37d72e67b4cacb4bb726505f11"

bluebird-lst@^1.0.4:
  version "1.0.4"
  resolved "https://registry.yarnpkg.com/bluebird-lst/-/bluebird-lst-1.0.4.tgz#7fa1e4daaaf9e4e52f6dd0ec5b32e7ed4ca8cd6d"
  dependencies:
    bluebird "^3.5.1"

bluebird-lst@^1.0.5:
  version "1.0.5"
  resolved "https://registry.yarnpkg.com/bluebird-lst/-/bluebird-lst-1.0.5.tgz#bebc83026b7e92a72871a3dc599e219cbfb002a9"
  dependencies:
    bluebird "^3.5.1"

bluebird@^3.5.1:
  version "3.5.1"
  resolved "https://registry.yarnpkg.com/bluebird/-/bluebird-3.5.1.tgz#d9551f9de98f1fcda1e683d17ee91a0602ee2eb9"

builder-util-runtime@~2.3.0:
  version "2.3.0"
  resolved "https://registry.yarnpkg.com/builder-util-runtime/-/builder-util-runtime-2.3.0.tgz#1d4ba8b38335907bd43e3a14ab7c8b0a701cff25"
  dependencies:
    bluebird-lst "^1.0.5"
    debug "^3.1.0"
    fs-extra-p "^4.4.4"
    sax "^1.2.4"

debug@^3.1.0:
  version "3.1.0"
  resolved "https://registry.yarnpkg.com/debug/-/debug-3.1.0.tgz#5bb5a0672628b64149566ba16819e61518c67261"
  dependencies:
    ms "2.0.0"

electron-is-dev@^0.3.0:
  version "0.3.0"
  resolved "https://registry.yarnpkg.com/electron-is-dev/-/electron-is-dev-0.3.0.tgz#14e6fda5c68e9e4ecbeff9ccf037cbd7c05c5afe"

electron-log@^2.2.9:
  version "2.2.9"
  resolved "https://registry.yarnpkg.com/electron-log/-/electron-log-2.2.9.tgz#e0484cb1a8a84593095e3b69f47361ae15d73bdf"

electron-updater@^2.13.0:
  version "2.14.1"
  resolved "https://registry.yarnpkg.com/electron-updater/-/electron-updater-2.14.1.tgz#ffb8f7d979f1f8d499dd70b9ded75cb630b6df28"
  dependencies:
    bluebird-lst "^1.0.5"
    builder-util-runtime "~2.3.0"
    electron-is-dev "^0.3.0"
    fs-extra-p "^4.4.4"
    js-yaml "^3.10.0"
    lazy-val "^1.0.2"
    lodash.isequal "^4.5.0"
    semver "^5.4.1"
    source-map-support "^0.5.0"

esprima@^4.0.0:
  version "4.0.0"
  resolved "https://registry.yarnpkg.com/esprima/-/esprima-4.0.0.tgz#4499eddcd1110e0b218bacf2fa7f7f59f55ca804"

fs-extra-p@^4.4.4:
  version "4.4.4"
  resolved "https://registry.yarnpkg.com/fs-extra-p/-/fs-extra-p-4.4.4.tgz#396ad6f914eb2954e1700fd0e18288301ed45f04"
  dependencies:
    bluebird-lst "^1.0.4"
    fs-extra "^4.0.2"

fs-extra@^4.0.2:
  version "4.0.2"
  resolved "https://registry.yarnpkg.com/fs-extra/-/fs-extra-4.0.2.tgz#f91704c53d1b461f893452b0c307d9997647ab6b"
  dependencies:
    graceful-fs "^4.1.2"
    jsonfile "^4.0.0"
    universalify "^0.1.0"

graceful-fs@^4.1.2, graceful-fs@^4.1.6:
  version "4.1.11"
  resolved "https://registry.yarnpkg.com/graceful-fs/-/graceful-fs-4.1.11.tgz#0e8bdfe4d1ddb8854d64e04ea7c00e2a026e5658"

growly@^1.3.0:
  version "1.3.0"
  resolved "https://registry.yarnpkg.com/growly/-/growly-1.3.0.tgz#f10748cbe76af964b7c96c93c6bcc28af120c081"

isexe@^2.0.0:
  version "2.0.0"
  resolved "https://registry.yarnpkg.com/isexe/-/isexe-2.0.0.tgz#e8fbf374dc556ff8947a10dcb0572d633f2cfa10"

js-yaml@^3.10.0:
  version "3.10.0"
  resolved "https://registry.yarnpkg.com/js-yaml/-/js-yaml-3.10.0.tgz#2e78441646bd4682e963f22b6e92823c309c62dc"
  dependencies:
    argparse "^1.0.7"
    esprima "^4.0.0"

jsonfile@^4.0.0:
  version "4.0.0"
  resolved "https://registry.yarnpkg.com/jsonfile/-/jsonfile-4.0.0.tgz#8771aae0799b64076b76640fca058f9c10e33ecb"
  optionalDependencies:
    graceful-fs "^4.1.6"

lazy-val@^1.0.2:
  version "1.0.2"
  resolved "https://registry.yarnpkg.com/lazy-val/-/lazy-val-1.0.2.tgz#d9b07fb1fce54cbc99b3c611de431b83249369b6"

lodash.isequal@^4.5.0:
  version "4.5.0"
  resolved "https://registry.yarnpkg.com/lodash.isequal/-/lodash.isequal-4.5.0.tgz#415c4478f2bcc30120c22ce10ed3226f7d3e18e0"

ms@2.0.0:
  version "2.0.0"
  resolved "https://registry.yarnpkg.com/ms/-/ms-2.0.0.tgz#5608aeadfc00be6c2901df5f9861788de0d597c8"

nan@^2.0.0:
  version "2.6.2"
  resolved "https://registry.yarnpkg.com/nan/-/nan-2.6.2.tgz#e4ff34e6c95fdfb5aecc08de6596f43605a7db45"

node-notifier@^5.1.2:
  version "5.1.2"
  resolved "https://registry.yarnpkg.com/node-notifier/-/node-notifier-5.1.2.tgz#2fa9e12605fa10009d44549d6fcd8a63dde0e4ff"
  dependencies:
    growly "^1.3.0"
    semver "^5.3.0"
    shellwords "^0.1.0"
    which "^1.2.12"

sax@^1.2.4:
  version "1.2.4"
  resolved "https://registry.yarnpkg.com/sax/-/sax-1.2.4.tgz#2816234e2378bddc4e5354fab5caa895df7100d9"

semver@^5.3.0, semver@^5.4.1:
  version "5.4.1"
  resolved "https://registry.yarnpkg.com/semver/-/semver-5.4.1.tgz#e059c09d8571f0540823733433505d3a2f00b18e"

shellwords@^0.1.0:
  version "0.1.1"
  resolved "https://registry.yarnpkg.com/shellwords/-/shellwords-0.1.1.tgz#d6b9181c1a48d397324c84871efbcfc73fc0654b"

source-map-support@^0.5.0:
  version "0.5.0"
  resolved "https://registry.yarnpkg.com/source-map-support/-/source-map-support-0.5.0.tgz#2018a7ad2bdf8faf2691e5fddab26bed5a2bacab"
  dependencies:
    source-map "^0.6.0"

source-map@^0.6.0:
  version "0.6.1"
  resolved "https://registry.yarnpkg.com/source-map/-/source-map-0.6.1.tgz#74722af32e9614e9c287a8d0bbde48b5e2f1a263"

sprintf-js@~1.0.2:
  version "1.0.3"
  resolved "https://registry.yarnpkg.com/sprintf-js/-/sprintf-js-1.0.3.tgz#04e6926f662895354f3dd015203633b857297e2c"

universalify@^0.1.0:
  version "0.1.1"
  resolved "https://registry.yarnpkg.com/universalify/-/universalify-0.1.1.tgz#fa71badd4437af4c148841e3b3b165f9e9e590b7"

which@^1.2.12:
  version "1.3.0"
  resolved "https://registry.yarnpkg.com/which/-/which-1.3.0.tgz#ff04bdfc010ee547d780bec38e1ac1c2777d253a"
  dependencies:
    isexe "^2.0.0"
